{
  "version": 4,
  "terraform_version": "1.1.7",
  "serial": 316,
  "lineage": "15b1b3b6-a5b1-074b-2d8a-7abfee697c33",
  "outputs": {},
  "resources": [
    {
      "mode": "data",
      "type": "vault_generic_secret",
      "name": "prueba",
      "provider": "provider[\"registry.terraform.io/hashicorp/vault\"]",
      "instances": [
        {
          "schema_version": 0,
          "attributes": {
            "data": {
              "database": "postgres",
              "password": "4y7sV96vA9wv46VR",
              "username": "postgres"
            },
            "data_json": "{\"database\":\"postgres\",\"password\":\"4y7sV96vA9wv46VR\",\"username\":\"postgres\"}",
            "id": "secret/rds-lab",
            "lease_duration": 0,
            "lease_id": "",
            "lease_renewable": false,
            "lease_start_time": "2022-04-19T14:26:18Z",
            "path": "secret/rds-lab",
            "version": -1
          },
          "sensitive_attributes": []
        }
      ]
    },
    {
      "mode": "data",
      "type": "vault_generic_secret",
      "name": "secret",
      "provider": "provider[\"registry.terraform.io/hashicorp/vault\"]",
      "instances": [
        {
          "index_key": "0",
          "schema_version": 0,
          "attributes": {
            "data": {
              "data": "null",
              "metadata": "{\"created_time\":\"2022-04-19T14:23:02.397288Z\",\"custom_metadata\":null,\"deletion_time\":\"2022-04-19T14:23:46.517931Z\",\"destroyed\":false,\"version\":12}"
            },
            "data_json": "{\"data\":null,\"metadata\":{\"created_time\":\"2022-04-19T14:23:02.397288Z\",\"custom_metadata\":null,\"deletion_time\":\"2022-04-19T14:23:46.517931Z\",\"destroyed\":false,\"version\":12}}",
            "id": "secret/db/db10",
            "lease_duration": 0,
            "lease_id": "",
            "lease_renewable": false,
            "lease_start_time": "2022-04-19T14:26:18Z",
            "path": "secret/db/db10",
            "version": -1
          },
          "sensitive_attributes": []
        },
        {
          "index_key": "1",
          "schema_version": 0,
          "attributes": {
            "data": {
              "data": "null",
              "metadata": "{\"created_time\":\"2022-04-19T14:23:02.398267Z\",\"custom_metadata\":null,\"deletion_time\":\"2022-04-19T14:23:46.518114Z\",\"destroyed\":false,\"version\":12}"
            },
            "data_json": "{\"data\":null,\"metadata\":{\"created_time\":\"2022-04-19T14:23:02.398267Z\",\"custom_metadata\":null,\"deletion_time\":\"2022-04-19T14:23:46.518114Z\",\"destroyed\":false,\"version\":12}}",
            "id": "secret/db/db11",
            "lease_duration": 0,
            "lease_id": "",
            "lease_renewable": false,
            "lease_start_time": "2022-04-19T14:26:18Z",
            "path": "secret/db/db11",
            "version": -1
          },
          "sensitive_attributes": []
        },
        {
          "index_key": "2",
          "schema_version": 0,
          "attributes": {
            "data": {
              "data": "null",
              "metadata": "{\"created_time\":\"2022-04-19T14:23:02.400451Z\",\"custom_metadata\":null,\"deletion_time\":\"2022-04-19T14:23:46.518094Z\",\"destroyed\":false,\"version\":8}"
            },
            "data_json": "{\"data\":null,\"metadata\":{\"created_time\":\"2022-04-19T14:23:02.400451Z\",\"custom_metadata\":null,\"deletion_time\":\"2022-04-19T14:23:46.518094Z\",\"destroyed\":false,\"version\":8}}",
            "id": "secret/db/db12",
            "lease_duration": 0,
            "lease_id": "",
            "lease_renewable": false,
            "lease_start_time": "2022-04-19T14:26:18Z",
            "path": "secret/db/db12",
            "version": -1
          },
          "sensitive_attributes": []
        },
        {
          "index_key": "3",
          "schema_version": 0,
          "attributes": {
            "data": {
              "data": "null",
              "metadata": "{\"created_time\":\"2022-04-19T14:23:02.400808Z\",\"custom_metadata\":null,\"deletion_time\":\"2022-04-19T14:23:46.518096Z\",\"destroyed\":false,\"version\":8}"
            },
            "data_json": "{\"data\":null,\"metadata\":{\"created_time\":\"2022-04-19T14:23:02.400808Z\",\"custom_metadata\":null,\"deletion_time\":\"2022-04-19T14:23:46.518096Z\",\"destroyed\":false,\"version\":8}}",
            "id": "secret/db/db13",
            "lease_duration": 0,
            "lease_id": "",
            "lease_renewable": false,
            "lease_start_time": "2022-04-19T14:26:18Z",
            "path": "secret/db/db13",
            "version": -1
          },
          "sensitive_attributes": []
        }
      ]
    },
    {
      "mode": "managed",
      "type": "postgresql_database",
      "name": "create_postgresql_db",
      "provider": "provider[\"registry.terraform.io/cyrilgdn/postgresql\"]",
      "instances": [
        {
          "index_key": "0",
          "schema_version": 0,
          "attributes": {
            "allow_connections": true,
            "connection_limit": -1,
            "encoding": "UTF8",
            "id": "db10",
            "is_template": false,
            "lc_collate": "en_US.UTF-8",
            "lc_ctype": "en_US.utf8",
            "name": "db10",
            "owner": "user_db10",
            "tablespace_name": "pg_default",
            "template": "template0"
          },
          "sensitive_attributes": [],
          "private": "bnVsbA==",
          "dependencies": [
            "data.vault_generic_secret.prueba",
            "postgresql_role.create_postgresql_role",
            "random_password.password"
          ]
        },
        {
          "index_key": "1",
          "schema_version": 0,
          "attributes": {
            "allow_connections": true,
            "connection_limit": -1,
            "encoding": "UTF8",
            "id": "db11",
            "is_template": false,
            "lc_collate": "en_US.UTF-8",
            "lc_ctype": "en_US.utf8",
            "name": "db11",
            "owner": "user_db11",
            "tablespace_name": "pg_default",
            "template": "template0"
          },
          "sensitive_attributes": [],
          "private": "bnVsbA==",
          "dependencies": [
            "data.vault_generic_secret.prueba",
            "postgresql_role.create_postgresql_role",
            "random_password.password"
          ]
        },
        {
          "index_key": "2",
          "schema_version": 0,
          "attributes": {
            "allow_connections": true,
            "connection_limit": -1,
            "encoding": "UTF8",
            "id": "db12",
            "is_template": false,
            "lc_collate": "en_US.UTF-8",
            "lc_ctype": "en_US.utf8",
            "name": "db12",
            "owner": "user_db12",
            "tablespace_name": "pg_default",
            "template": "template0"
          },
          "sensitive_attributes": [],
          "private": "bnVsbA==",
          "dependencies": [
            "data.vault_generic_secret.prueba",
            "postgresql_role.create_postgresql_role",
            "random_password.password"
          ]
        },
        {
          "index_key": "3",
          "schema_version": 0,
          "attributes": {
            "allow_connections": true,
            "connection_limit": -1,
            "encoding": "UTF8",
            "id": "db13",
            "is_template": false,
            "lc_collate": "en_US.UTF-8",
            "lc_ctype": "en_US.utf8",
            "name": "db13",
            "owner": "user_db13",
            "tablespace_name": "pg_default",
            "template": "template0"
          },
          "sensitive_attributes": [],
          "private": "bnVsbA==",
          "dependencies": [
            "data.vault_generic_secret.prueba",
            "postgresql_role.create_postgresql_role",
            "random_password.password"
          ]
        }
      ]
    },
    {
      "mode": "managed",
      "type": "postgresql_role",
      "name": "create_postgresql_role",
      "provider": "provider[\"registry.terraform.io/cyrilgdn/postgresql\"]",
      "instances": [
        {
          "index_key": "0",
          "schema_version": 0,
          "attributes": {
            "bypass_row_level_security": false,
            "connection_limit": -1,
            "create_database": false,
            "create_role": false,
            "encrypted": null,
            "encrypted_password": true,
            "id": "user_db10",
            "idle_in_transaction_session_timeout": 0,
            "inherit": true,
            "login": true,
            "name": "user_db10",
            "password": "uMy6\u0026hcrqYV-)(SG",
            "replication": false,
            "roles": null,
            "search_path": null,
            "skip_drop_role": false,
            "skip_reassign_owned": false,
            "statement_timeout": 0,
            "superuser": false,
            "valid_until": "infinity"
          },
          "sensitive_attributes": [
            [
              {
                "type": "get_attr",
                "value": "password"
              }
            ]
          ],
          "private": "bnVsbA==",
          "dependencies": [
            "data.vault_generic_secret.prueba",
            "random_password.password"
          ]
        },
        {
          "index_key": "1",
          "schema_version": 0,
          "attributes": {
            "bypass_row_level_security": false,
            "connection_limit": -1,
            "create_database": false,
            "create_role": false,
            "encrypted": null,
            "encrypted_password": true,
            "id": "user_db11",
            "idle_in_transaction_session_timeout": 0,
            "inherit": true,
            "login": true,
            "name": "user_db11",
            "password": "M\u0026\u0026B5*g*CCmtcB{(",
            "replication": false,
            "roles": null,
            "search_path": null,
            "skip_drop_role": false,
            "skip_reassign_owned": false,
            "statement_timeout": 0,
            "superuser": false,
            "valid_until": "infinity"
          },
          "sensitive_attributes": [
            [
              {
                "type": "get_attr",
                "value": "password"
              }
            ]
          ],
          "private": "bnVsbA==",
          "dependencies": [
            "data.vault_generic_secret.prueba",
            "random_password.password"
          ]
        },
        {
          "index_key": "2",
          "schema_version": 0,
          "attributes": {
            "bypass_row_level_security": false,
            "connection_limit": -1,
            "create_database": false,
            "create_role": false,
            "encrypted": null,
            "encrypted_password": true,
            "id": "user_db12",
            "idle_in_transaction_session_timeout": 0,
            "inherit": true,
            "login": true,
            "name": "user_db12",
            "password": "eFvNK4\u003efXbwgu!U?",
            "replication": false,
            "roles": null,
            "search_path": null,
            "skip_drop_role": false,
            "skip_reassign_owned": false,
            "statement_timeout": 0,
            "superuser": false,
            "valid_until": "infinity"
          },
          "sensitive_attributes": [
            [
              {
                "type": "get_attr",
                "value": "password"
              }
            ]
          ],
          "private": "bnVsbA==",
          "dependencies": [
            "data.vault_generic_secret.prueba",
            "random_password.password"
          ]
        },
        {
          "index_key": "3",
          "schema_version": 0,
          "attributes": {
            "bypass_row_level_security": false,
            "connection_limit": -1,
            "create_database": false,
            "create_role": false,
            "encrypted": null,
            "encrypted_password": true,
            "id": "user_db13",
            "idle_in_transaction_session_timeout": 0,
            "inherit": true,
            "login": true,
            "name": "user_db13",
            "password": "Vyi}L]rF_%RL+gE}",
            "replication": false,
            "roles": null,
            "search_path": null,
            "skip_drop_role": false,
            "skip_reassign_owned": false,
            "statement_timeout": 0,
            "superuser": false,
            "valid_until": "infinity"
          },
          "sensitive_attributes": [
            [
              {
                "type": "get_attr",
                "value": "password"
              }
            ]
          ],
          "private": "bnVsbA==",
          "dependencies": [
            "data.vault_generic_secret.prueba",
            "random_password.password"
          ]
        }
      ]
    },
    {
      "mode": "managed",
      "type": "random_password",
      "name": "password",
      "provider": "provider[\"registry.terraform.io/hashicorp/random\"]",
      "instances": [
        {
          "index_key": 0,
          "schema_version": 0,
          "attributes": {
            "id": "none",
            "keepers": null,
            "length": 16,
            "lower": true,
            "min_lower": 0,
            "min_numeric": 0,
            "min_special": 0,
            "min_upper": 0,
            "number": true,
            "override_special": "!#$%\u0026*()-_=+[]{}\u003c\u003e:?",
            "result": "uMy6\u0026hcrqYV-)(SG",
            "special": true,
            "upper": true
          },
          "sensitive_attributes": [],
          "private": "bnVsbA==",
          "create_before_destroy": true
        },
        {
          "index_key": 1,
          "schema_version": 0,
          "attributes": {
            "id": "none",
            "keepers": null,
            "length": 16,
            "lower": true,
            "min_lower": 0,
            "min_numeric": 0,
            "min_special": 0,
            "min_upper": 0,
            "number": true,
            "override_special": "!#$%\u0026*()-_=+[]{}\u003c\u003e:?",
            "result": "M\u0026\u0026B5*g*CCmtcB{(",
            "special": true,
            "upper": true
          },
          "sensitive_attributes": [],
          "private": "bnVsbA==",
          "create_before_destroy": true
        },
        {
          "index_key": 2,
          "schema_version": 0,
          "attributes": {
            "id": "none",
            "keepers": null,
            "length": 16,
            "lower": true,
            "min_lower": 0,
            "min_numeric": 0,
            "min_special": 0,
            "min_upper": 0,
            "number": true,
            "override_special": "!#$%\u0026*()-_=+[]{}\u003c\u003e:?",
            "result": "eFvNK4\u003efXbwgu!U?",
            "special": true,
            "upper": true
          },
          "sensitive_attributes": [],
          "private": "bnVsbA==",
          "create_before_destroy": true
        },
        {
          "index_key": 3,
          "schema_version": 0,
          "attributes": {
            "id": "none",
            "keepers": null,
            "length": 16,
            "lower": true,
            "min_lower": 0,
            "min_numeric": 0,
            "min_special": 0,
            "min_upper": 0,
            "number": true,
            "override_special": "!#$%\u0026*()-_=+[]{}\u003c\u003e:?",
            "result": "Vyi}L]rF_%RL+gE}",
            "special": true,
            "upper": true
          },
          "sensitive_attributes": [],
          "private": "bnVsbA==",
          "create_before_destroy": true
        }
      ]
    },
    {
      "mode": "managed",
      "type": "vault_generic_secret",
      "name": "new_secrets",
      "provider": "provider[\"registry.terraform.io/hashicorp/vault\"]",
      "instances": [
        {
          "index_key": "0",
          "schema_version": 1,
          "attributes": {
            "data": {
              "data": "null",
              "dbpassword": "uMy6\u0026hcrqYV-)(SG",
              "dbusername": "user_db10",
              "metadata": "{\"created_time\":\"2022-04-19T14:23:02.397288Z\",\"custom_metadata\":null,\"deletion_time\":\"2022-04-19T14:23:46.517931Z\",\"destroyed\":false,\"version\":12}"
            },
            "data_json": "{\"data\":\"null\",\"dbpassword\":\"uMy6\\u0026hcrqYV-)(SG\",\"dbusername\":\"user_db10\",\"metadata\":\"{\\\"created_time\\\":\\\"2022-04-19T14:23:02.397288Z\\\",\\\"custom_metadata\\\":null,\\\"deletion_time\\\":\\\"2022-04-19T14:23:46.517931Z\\\",\\\"destroyed\\\":false,\\\"version\\\":12}\"}",
            "delete_all_versions": false,
            "disable_read": false,
            "id": "secret/db/db10",
            "path": "secret/db/db10"
          },
          "sensitive_attributes": [
            [
              {
                "type": "get_attr",
                "value": "data_json"
              }
            ]
          ],
          "private": "eyJzY2hlbWFfdmVyc2lvbiI6IjEifQ==",
          "dependencies": [
            "data.vault_generic_secret.secret",
            "random_password.password"
          ],
          "create_before_destroy": true
        },
        {
          "index_key": "1",
          "schema_version": 1,
          "attributes": {
            "data": {
              "data": "null",
              "dbpassword": "M\u0026\u0026B5*g*CCmtcB{(",
              "dbusername": "user_db11",
              "metadata": "{\"created_time\":\"2022-04-19T14:23:02.398267Z\",\"custom_metadata\":null,\"deletion_time\":\"2022-04-19T14:23:46.518114Z\",\"destroyed\":false,\"version\":12}"
            },
            "data_json": "{\"data\":\"null\",\"dbpassword\":\"M\\u0026\\u0026B5*g*CCmtcB{(\",\"dbusername\":\"user_db11\",\"metadata\":\"{\\\"created_time\\\":\\\"2022-04-19T14:23:02.398267Z\\\",\\\"custom_metadata\\\":null,\\\"deletion_time\\\":\\\"2022-04-19T14:23:46.518114Z\\\",\\\"destroyed\\\":false,\\\"version\\\":12}\"}",
            "delete_all_versions": false,
            "disable_read": false,
            "id": "secret/db/db11",
            "path": "secret/db/db11"
          },
          "sensitive_attributes": [
            [
              {
                "type": "get_attr",
                "value": "data_json"
              }
            ]
          ],
          "private": "eyJzY2hlbWFfdmVyc2lvbiI6IjEifQ==",
          "dependencies": [
            "data.vault_generic_secret.secret",
            "random_password.password"
          ],
          "create_before_destroy": true
        },
        {
          "index_key": "2",
          "schema_version": 1,
          "attributes": {
            "data": {
              "data": "null",
              "dbpassword": "eFvNK4\u003efXbwgu!U?",
              "dbusername": "user_db12",
              "metadata": "{\"created_time\":\"2022-04-19T14:23:02.400451Z\",\"custom_metadata\":null,\"deletion_time\":\"2022-04-19T14:23:46.518094Z\",\"destroyed\":false,\"version\":8}"
            },
            "data_json": "{\"data\":\"null\",\"dbpassword\":\"eFvNK4\\u003efXbwgu!U?\",\"dbusername\":\"user_db12\",\"metadata\":\"{\\\"created_time\\\":\\\"2022-04-19T14:23:02.400451Z\\\",\\\"custom_metadata\\\":null,\\\"deletion_time\\\":\\\"2022-04-19T14:23:46.518094Z\\\",\\\"destroyed\\\":false,\\\"version\\\":8}\"}",
            "delete_all_versions": false,
            "disable_read": false,
            "id": "secret/db/db12",
            "path": "secret/db/db12"
          },
          "sensitive_attributes": [
            [
              {
                "type": "get_attr",
                "value": "data_json"
              }
            ]
          ],
          "private": "eyJzY2hlbWFfdmVyc2lvbiI6IjEifQ==",
          "dependencies": [
            "data.vault_generic_secret.secret",
            "random_password.password"
          ],
          "create_before_destroy": true
        },
        {
          "index_key": "3",
          "schema_version": 1,
          "attributes": {
            "data": {
              "data": "null",
              "dbpassword": "Vyi}L]rF_%RL+gE}",
              "dbusername": "user_db13",
              "metadata": "{\"created_time\":\"2022-04-19T14:23:02.400808Z\",\"custom_metadata\":null,\"deletion_time\":\"2022-04-19T14:23:46.518096Z\",\"destroyed\":false,\"version\":8}"
            },
            "data_json": "{\"data\":\"null\",\"dbpassword\":\"Vyi}L]rF_%RL+gE}\",\"dbusername\":\"user_db13\",\"metadata\":\"{\\\"created_time\\\":\\\"2022-04-19T14:23:02.400808Z\\\",\\\"custom_metadata\\\":null,\\\"deletion_time\\\":\\\"2022-04-19T14:23:46.518096Z\\\",\\\"destroyed\\\":false,\\\"version\\\":8}\"}",
            "delete_all_versions": false,
            "disable_read": false,
            "id": "secret/db/db13",
            "path": "secret/db/db13"
          },
          "sensitive_attributes": [
            [
              {
                "type": "get_attr",
                "value": "data_json"
              }
            ]
          ],
          "private": "eyJzY2hlbWFfdmVyc2lvbiI6IjEifQ==",
          "dependencies": [
            "data.vault_generic_secret.secret",
            "random_password.password"
          ],
          "create_before_destroy": true
        }
      ]
    }
  ]
}
